
Microsoft Visual Studio Solution File, Format Version 12.00
# Visual Studio 14
VisualStudioVersion = 14.0.25123.0
MinimumVisualStudioVersion = 10.0.40219.1
Project("{FAE04EC0-301F-11D3-BF4B-00C04F79EFBC}") = "ACD", "ACD\ACD.csproj", "{9018A8F8-062D-4EC8-87AB-41645F7FC4EC}"
EndProject
Project("{54435603-DBB4-11D2-8724-00A0C9A8B90C}") = "ACDInstaller", "ACD\ACDInstaller\ACDInstaller.vdproj", "{B5498AD1-49EC-4B0A-8A01-3FB2F764580F}"
EndProject
Global
	GlobalSection(SolutionConfigurationPlatforms) = preSolution
		Debug|Any CPU = Debug|Any CPU
		Release|Any CPU = Release|Any CPU
	EndGlobalSection
	GlobalSection(ProjectConfigurationPlatforms) = postSolution
		{9018A8F8-062D-4EC8-87AB-41645F7FC4EC}.Debug|Any CPU.ActiveCfg = Debug|Any CPU
		{9018A8F8-062D-4EC8-87AB-41645F7FC4EC}.Debug|Any CPU.Build.0 = Debug|Any CPU
		{9018A8F8-062D-4EC8-87AB-41645F7FC4EC}.Release|Any CPU.ActiveCfg = Release|Any CPU
		{9018A8F8-062D-4EC8-87AB-41645F7FC4EC}.Release|Any CPU.Build.0 = Release|Any CPU
		{B5498AD1-49EC-4B0A-8A01-3FB2F764580F}.Debug|Any CPU.ActiveCfg = Debug
		{B5498AD1-49EC-4B0A-8A01-3FB2F764580F}.Release|Any CPU.ActiveCfg = Release
	EndGlobalSection
	GlobalSection(SolutionProperties) = preSolution
		HideSolutionNode = FALSE
	EndGlobalSection
EndGlobal
